// !$*UTF8*$!
{
	archiveVersion = 1;
	classes = {
	};
	objectVersion = 50;
	objects = {

/* Begin PBXBuildFile section */
		9AF575A82668AD3100FA11C3 /* AppDelegate.swift in Sources */ = {isa = PBXBuildFile; fileRef = 9AF575A72668AD3100FA11C3 /* AppDelegate.swift */; };
		9AF575AA2668AD3100FA11C3 /* SceneDelegate.swift in Sources */ = {isa = PBXBuildFile; fileRef = 9AF575A92668AD3100FA11C3 /* SceneDelegate.swift */; };
		9AF575AC2668AD3100FA11C3 /* ViewController.swift in Sources */ = {isa = PBXBuildFile; fileRef = 9AF575AB2668AD3100FA11C3 /* ViewController.swift */; };
		9AF575AF2668AD3100FA11C3 /* Main.storyboard in Resources */ = {isa = PBXBuildFile; fileRef = 9AF575AD2668AD3100FA11C3 /* Main.storyboard */; };
		9AF575B12668AD3200FA11C3 /* Assets.xcassets in Resources */ = {isa = PBXBuildFile; fileRef = 9AF575B02668AD3200FA11C3 /* Assets.xcassets */; };
		9AF575B42668AD3200FA11C3 /* LaunchScreen.storyboard in Resources */ = {isa = PBXBuildFile; fileRef = 9AF575B22668AD3200FA11C3 /* LaunchScreen.storyboard */; };
		9AF575BC2668C98000FA11C3 /* Gilroy-SemiBold.ttf in Resources */ = {isa = PBXBuildFile; fileRef = 9AF575BB2668C98000FA11C3 /* Gilroy-SemiBold.ttf */; };
		9AF575BE2668CAD400FA11C3 /* Gilroy-Bold.ttf in Resources */ = {isa = PBXBuildFile; fileRef = 9AF575BD2668CAD400FA11C3 /* Gilroy-Bold.ttf */; };
		9AF575C02668CC1700FA11C3 /* Gilroy-Medium.ttf in Resources */ = {isa = PBXBuildFile; fileRef = 9AF575BF2668CC1700FA11C3 /* Gilroy-Medium.ttf */; };
		9AF575C42668CDDB00FA11C3 /* CALayer+CALayer_CALayer_borderColor.m in Sources */ = {isa = PBXBuildFile; fileRef = 9AF575C32668CDDB00FA11C3 /* CALayer+CALayer_CALayer_borderColor.m */; };
/* End PBXBuildFile section */

/* Begin PBXFileReference section */
		9AF575A42668AD3100FA11C3 /* Shopping APP 生鮮雜貨.app */ = {isa = PBXFileReference; explicitFileType = wrapper.application; includeInIndex = 0; path = "Shopping APP 生鮮雜貨.app"; sourceTree = BUILT_PRODUCTS_DIR; };
		9AF575A72668AD3100FA11C3 /* AppDelegate.swift */ = {isa = PBXFileReference; lastKnownFileType = sourcecode.swift; path = AppDelegate.swift; sourceTree = "<group>"; };
		9AF575A92668AD3100FA11C3 /* SceneDelegate.swift */ = {isa = PBXFileReference; lastKnownFileType = sourcecode.swift; path = SceneDelegate.swift; sourceTree = "<group>"; };
		9AF575AB2668AD3100FA11C3 /* ViewController.swift */ = {isa = PBXFileReference; lastKnownFileType = sourcecode.swift; path = ViewController.swift; sourceTree = "<group>"; };
		9AF575AE2668AD3100FA11C3 /* Base */ = {isa = PBXFileReference; lastKnownFileType = file.storyboard; name = Base; path = Base.lproj/Main.storyboard; sourceTree = "<group>"; };
		9AF575B02668AD3200FA11C3 /* Assets.xcassets */ = {isa = PBXFileReference; lastKnownFileType = folder.assetcatalog; path = Assets.xcassets; sourceTree = "<group>"; };
		9AF575B32668AD3200FA11C3 /* Base */ = {isa = PBXFileReference; lastKnownFileType = file.storyboard; name = Base; path = Base.lproj/LaunchScreen.storyboard; sourceTree = "<group>"; };
		9AF575B52668AD3200FA11C3 /* Info.plist */ = {isa = PBXFileReference; lastKnownFileType = text.plist.xml; path = Info.plist; sourceTree = "<group>"; };
		9AF575BB2668C98000FA11C3 /* Gilroy-SemiBold.ttf */ = {isa = PBXFileReference; lastKnownFileType = file; path = "Gilroy-SemiBold.ttf"; sourceTree = "<group>"; };
		9AF575BD2668CAD400FA11C3 /* Gilroy-Bold.ttf */ = {isa = PBXFileReference; lastKnownFileType = file; path = "Gilroy-Bold.ttf"; sourceTree = "<group>"; };
		9AF575BF2668CC1700FA11C3 /* Gilroy-Medium.ttf */ = {isa = PBXFileReference; lastKnownFileType = file; path = "Gilroy-Medium.ttf"; sourceTree = "<group>"; };
		9AF575C12668CDDA00FA11C3 /* Shopping APP 生鮮雜貨-Bridging-Header.h */ = {isa = PBXFileReference; lastKnownFileType = sourcecode.c.h; path = "Shopping APP 生鮮雜貨-Bridging-Header.h"; sourceTree = "<group>"; };
		9AF575C22668CDDB00FA11C3 /* CALayer+CALayer_CALayer_borderColor.h */ = {isa = PBXFileReference; lastKnownFileType = sourcecode.c.h; path = "CALayer+CALayer_CALayer_borderColor.h"; sourceTree = "<group>"; };
		9AF575C32668CDDB00FA11C3 /* CALayer+CALayer_CALayer_borderColor.m */ = {isa = PBXFileReference; lastKnownFileType = sourcecode.c.objc; path = "CALayer+CALayer_CALayer_borderColor.m"; sourceTree = "<group>"; };
/* End PBXFileReference section */

/* Begin PBXFrameworksBuildPhase section */
		9AF575A12668AD3100FA11C3 /* Frameworks */ = {
			isa = PBXFrameworksBuildPhase;
			buildActionMask = 2147483647;
			files = (
			);
			runOnlyForDeploymentPostprocessing = 0;
		};
/* End PBXFrameworksBuildPhase section */

/* Begin PBXGroup section */
		9AF5759B2668AD3100FA11C3 = {
			isa = PBXGroup;
			children = (
				9AF575A62668AD3100FA11C3 /* Shopping APP 生鮮雜貨 */,
				9AF575A52668AD3100FA11C3 /* Products */,
			);
			sourceTree = "<group>";
		};
		9AF575A52668AD3100FA11C3 /* Products */ = {
			isa = PBXGroup;
			children = (
				9AF575A42668AD3100FA11C3 /* Shopping APP 生鮮雜貨.app */,
			);
			name = Products;
			sourceTree = "<group>";
		};
		9AF575A62668AD3100FA11C3 /* Shopping APP 生鮮雜貨 */ = {
			isa = PBXGroup;
			children = (
				9AF575A72668AD3100FA11C3 /* AppDelegate.swift */,
				9AF575A92668AD3100FA11C3 /* SceneDelegate.swift */,
				9AF575AB2668AD3100FA11C3 /* ViewController.swift */,
				9AF575AD2668AD3100FA11C3 /* Main.storyboard */,
				9AF575C22668CDDB00FA11C3 /* CALayer+CALayer_CALayer_borderColor.h */,
				9AF575C32668CDDB00FA11C3 /* CALayer+CALayer_CALayer_borderColor.m */,
				9AF575B02668AD3200FA11C3 /* Assets.xcassets */,
				9AF575B22668AD3200FA11C3 /* LaunchScreen.storyboard */,
				9AF575B52668AD3200FA11C3 /* Info.plist */,
				9AF575BB2668C98000FA11C3 /* Gilroy-SemiBold.ttf */,
				9AF575BD2668CAD400FA11C3 /* Gilroy-Bold.ttf */,
				9AF575BF2668CC1700FA11C3 /* Gilroy-Medium.ttf */,
				9AF575C12668CDDA00FA11C3 /* Shopping APP 生鮮雜貨-Bridging-Header.h */,
			);
			path = "Shopping APP 生鮮雜貨";
			sourceTree = "<group>";
		};
/* End PBXGroup section */

/* Begin PBXNativeTarget section */
		9AF575A32668AD3100FA11C3 /* Shopping APP 生鮮雜貨 */ = {
			isa = PBXNativeTarget;
			buildConfigurationList = 9AF575B82668AD3200FA11C3 /* Build configuration list for PBXNativeTarget "Shopping APP 生鮮雜貨" */;
			buildPhases = (
				9AF575A02668AD3100FA11C3 /* Sources */,
				9AF575A12668AD3100FA11C3 /* Frameworks */,
				9AF575A22668AD3100FA11C3 /* Resources */,
			);
			buildRules = (
			);
			dependencies = (
			);
			name = "Shopping APP 生鮮雜貨";
			productName = "Shopping APP 生鮮雜貨";
			productReference = 9AF575A42668AD3100FA11C3 /* Shopping APP 生鮮雜貨.app */;
			productType = "com.apple.product-type.application";
		};
/* End PBXNativeTarget section */

/* Begin PBXProject section */
		9AF5759C2668AD3100FA11C3 /* Project object */ = {
			isa = PBXProject;
			attributes = {
				LastSwiftUpdateCheck = 1250;
				LastUpgradeCheck = 1250;
				TargetAttributes = {
					9AF575A32668AD3100FA11C3 = {
						CreatedOnToolsVersion = 12.5;
						LastSwiftMigration = 1250;
					};
				};
			};
			buildConfigurationList = 9AF5759F2668AD3100FA11C3 /* Build configuration list for PBXProject "Shopping APP 生鮮雜貨" */;
			compatibilityVersion = "Xcode 9.3";
			developmentRegion = en;
			hasScannedForEncodings = 0;
			knownRegions = (
				en,
				Base,
			);
			mainGroup = 9AF5759B2668AD3100FA11C3;
			productRefGroup = 9AF575A52668AD3100FA11C3 /* Products */;
			projectDirPath = "";
			projectRoot = "";
			targets = (
				9AF575A32668AD3100FA11C3 /* Shopping APP 生鮮雜貨 */,
			);
		};
/* End PBXProject section */

/* Begin PBXResourcesBuildPhase section */
		9AF575A22668AD3100FA11C3 /* Resources */ = {
			isa = PBXResourcesBuildPhase;
			buildActionMask = 2147483647;
			files = (
				9AF575B42668AD3200FA11C3 /* LaunchScreen.storyboard in Resources */,
				9AF575C02668CC1700FA11C3 /* Gilroy-Medium.ttf in Resources */,
				9AF575BC2668C98000FA11C3 /* Gilroy-SemiBold.ttf in Resources */,
				9AF575BE2668CAD400FA11C3 /* Gilroy-Bold.ttf in Resources */,
				9AF575B12668AD3200FA11C3 /* Assets.xcassets in Resources */,
				9AF575AF2668AD3100FA11C3 /* Main.storyboard in Resources */,
			);
			runOnlyForDeploymentPostprocessing = 0;
		};
/* End PBXResourcesBuildPhase section */

/* Begin PBXSourcesBuildPhase section */
		9AF575A02668AD3100FA11C3 /* Sources */ = {
			isa = PBXSourcesBuildPhase;
			buildActionMask = 2147483647;
			files = (
				9AF575AC2668AD3100FA11C3 /* ViewController.swift in Sources */,
				9AF575C42668CDDB00FA11C3 /* CALayer+CALayer_CALayer_borderColor.m in Sources */,
				9AF575A82668AD3100FA11C3 /* AppDelegate.swift in Sources */,
				9AF575AA2668AD3100FA11C3 /* SceneDelegate.swift in Sources */,
			);
			runOnlyForDeploymentPostprocessing = 0;
		};
/* End PBXSourcesBuildPhase section */

/* Begin PBXVariantGroup section */
		9AF575AD2668AD3100FA11C3 /* Main.storyboard */ = {
			isa = PBXVariantGroup;
			children = (
				9AF575AE2668AD3100FA11C3 /* Base */,
			);
			name = Main.storyboard;
			sourceTree = "<group>";
		};
		9AF575B22668AD3200FA11C3 /* LaunchScreen.storyboard */ = {
			isa = PBXVariantGroup;
			children = (
				9AF575B32668AD3200FA11C3 /* Base */,
			);
			name = LaunchScreen.storyboard;
			sourceTree = "<group>";
		};
/* End PBXVariantGroup section */

/* Begin XCBuildConfiguration section */
		9AF575B62668AD3200FA11C3 /* Debug */ = {
			isa = XCBuildConfiguration;
			buildSettings = {
				ALWAYS_SEARCH_USER_PATHS = NO;
				CLANG_ANALYZER_NONNULL = YES;
				CLANG_ANALYZER_NUMBER_OBJECT_CONVERSION = YES_AGGRESSIVE;
				CLANG_CXX_LANGUAGE_STANDARD = "gnu++14";
				CLANG_CXX_LIBRARY = "libc++";
				CLANG_ENABLE_MODULES = YES;
				CLANG_ENABLE_OBJC_ARC = YES;
				CLANG_ENABLE_OBJC_WEAK = YES;
				CLANG_WARN_BLOCK_CAPTURE_AUTORELEASING = YES;
				CLANG_WARN_BOOL_CONVERSION = YES;
				CLANG_WARN_COMMA = YES;
				CLANG_WARN_CONSTANT_CONVERSION = YES;
				CLANG_WARN_DEPRECATED_OBJC_IMPLEMENTATIONS = YES;
				CLANG_WARN_DIRECT_OBJC_ISA_USAGE = YES_ERROR;
				CLANG_WARN_DOCUMENTATION_COMMENTS = YES;
				CLANG_WARN_EMPTY_BODY = YES;
				CLANG_WARN_ENUM_CONVERSION = YES;
				CLANG_WARN_INFINITE_RECURSION = YES;
				CLANG_WARN_INT_CONVERSION = YES;
				CLANG_WARN_NON_LITERAL_NULL_CONVERSION = YES;
				CLANG_WARN_OBJC_IMPLICIT_RETAIN_SELF = YES;
				CLANG_WARN_OBJC_LITERAL_CONVERSION = YES;
				CLANG_WARN_OBJC_ROOT_CLASS = YES_ERROR;
				CLANG_WARN_QUOTED_INCLUDE_IN_FRAMEWORK_HEADER = YES;
				CLANG_WARN_RANGE_LOOP_ANALYSIS = YES;
				CLANG_WARN_STRICT_PROTOTYPES = YES;
				CLANG_WARN_SUSPICIOUS_MOVE = YES;
				CLANG_WARN_UNGUARDED_AVAILABILITY = YES_AGGRESSIVE;
				CLANG_WARN_UNREACHABLE_CODE = YES;
				CLANG_WARN__DUPLICATE_METHOD_MATCH = YES;
				COPY_PHASE_STRIP = NO;
				DEBUG_INFORMATION_FORMAT = dwarf;
				ENABLE_STRICT_OBJC_MSGSEND = YES;
				ENABLE_TESTABILITY = YES;
				GCC_C_LANGUAGE_STANDARD = gnu11;
				GCC_DYNAMIC_NO_PIC = NO;
				GCC_NO_COMMON_BLOCKS = YES;
				GCC_OPTIMIZATION_LEVEL = 0;
				GCC_PREPROCESSOR_DEFINITIONS = (
					"DEBUG=1",
					"$(inherited)",
				);
				GCC_WARN_64_TO_32_BIT_CONVERSION = YES;
				GCC_WARN_ABOUT_RETURN_TYPE = YES_ERROR;
				GCC_WARN_UNDECLARED_SELECTOR = YES;
				GCC_WARN_UNINITIALIZED_AUTOS = YES_AGGRESSIVE;
				GCC_WARN_UNUSED_FUNCTION = YES;
				GCC_WARN_UNUSED_VARIABLE = YES;
				IPHONEOS_DEPLOYMENT_TARGET = 14.5;
				MTL_ENABLE_DEBUG_INFO = INCLUDE_SOURCE;
				MTL_FAST_MATH = YES;
				ONLY_ACTIVE_ARCH = YES;
				SDKROOT = iphoneos;
				SWIFT_ACTIVE_COMPILATION_CONDITIONS = DEBUG;
				SWIFT_OPTIMIZATION_LEVEL = "-Onone";
			};
			name = Debug;
		};
		9AF575B72668AD3200FA11C3 /* Release */ = {
			isa = XCBuildConfiguration;
			buildSettings = {
				ALWAYS_SEARCH_USER_PATHS = NO;
				CLANG_ANALYZER_NONNULL = YES;
				CLANG_ANALYZER_NUMBER_OBJECT_CONVERSION = YES_AGGRESSIVE;
				CLANG_CXX_LANGUAGE_STANDARD = "gnu++14";
				CLANG_CXX_LIBRARY = "libc++";
				CLANG_ENABLE_MODULES = YES;
				CLANG_ENABLE_OBJC_ARC = YES;
				CLANG_ENABLE_OBJC_WEAK = YES;
				CLANG_WARN_BLOCK_CAPTURE_AUTORELEASING = YES;
				CLANG_WARN_BOOL_CONVERSION = YES;
				CLANG_WARN_COMMA = YES;
				CLANG_WARN_CONSTANT_CONVERSION = YES;
				CLANG_WARN_DEPRECATED_OBJC_IMPLEMENTATIONS = YES;
				CLANG_WARN_DIRECT_OBJC_ISA_USAGE = YES_ERROR;
				CLANG_WARN_DOCUMENTATION_COMMENTS = YES;
				CLANG_WARN_EMPTY_BODY = YES;
				CLANG_WARN_ENUM_CONVERSION = YES;
				CLANG_WARN_INFINITE_RECURSION = YES;
				CLANG_WARN_INT_CONVERSION = YES;
				CLANG_WARN_NON_LITERAL_NULL_CONVERSION = YES;
				CLANG_WARN_OBJC_IMPLICIT_RETAIN_SELF = YES;
				CLANG_WARN_OBJC_LITERAL_CONVERSION = YES;
				CLANG_WARN_OBJC_ROOT_CLASS = YES_ERROR;
				CLANG_WARN_QUOTED_INCLUDE_IN_FRAMEWORK_HEADER = YES;
				CLANG_WARN_RANGE_LOOP_ANALYSIS = YES;
				CLANG_WARN_STRICT_PROTOTYPES = YES;
				CLANG_WARN_SUSPICIOUS_MOVE = YES;
				CLANG_WARN_UNGUARDED_AVAILABILITY = YES_AGGRESSIVE;
				CLANG_WARN_UNREACHABLE_CODE = YES;
				CLANG_WARN__DUPLICATE_METHOD_MATCH = YES;
				COPY_PHASE_STRIP = NO;
				DEBUG_INFORMATION_FORMAT = "dwarf-with-dsym";
				ENABLE_NS_ASSERTIONS = NO;
				ENABLE_STRICT_OBJC_MSGSEND = YES;
				GCC_C_LANGUAGE_STANDARD = gnu11;
				GCC_NO_COMMON_BLOCKS = YES;
				GCC_WARN_64_TO_32_BIT_CONVERSION = YES;
				GCC_WARN_ABOUT_RETURN_TYPE = YES_ERROR;
				GCC_WARN_UNDECLARED_SELECTOR = YES;
				GCC_WARN_UNINITIALIZED_AUTOS = YES_AGGRESSIVE;
				GCC_WARN_UNUSED_FUNCTION = YES;
				GCC_WARN_UNUSED_VARIABLE = YES;
				IPHONEOS_DEPLOYMENT_TARGET = 14.5;
				MTL_ENABLE_DEBUG_INFO = NO;
				MTL_FAST_MATH = YES;
				SDKROOT = iphoneos;
				SWIFT_COMPILATION_MODE = wholemodule;
				SWIFT_OPTIMIZATION_LEVEL = "-O";
				VALIDATE_PRODUCT = YES;
			};
			name = Release;
		};
		9AF575B92668AD3200FA11C3 /* Debug */ = {
			isa = XCBuildConfiguration;
			buildSettings = {
				ASSETCATALOG_COMPILER_APPICON_NAME = AppIcon;
				ASSETCATALOG_COMPILER_GLOBAL_ACCENT_COLOR_NAME = AccentColor;
				CLANG_ENABLE_MODULES = YES;
				CODE_SIGN_STYLE = Automatic;
				DEVELOPMENT_TEAM = Q552KV7YR5;
				INFOPLIST_FILE = "Shopping APP 生鮮雜貨/Info.plist";
				LD_RUNPATH_SEARCH_PATHS = (
					"$(inherited)",
					"@executable_path/Frameworks",
				);
				PRODUCT_BUNDLE_IDENTIFIER = "CuteBunny.Shopping-APP-----";
				PRODUCT_NAME = "$(TARGET_NAME)";
				SWIFT_OBJC_BRIDGING_HEADER = "Shopping APP 生鮮雜貨/Shopping APP 生鮮雜貨-Bridging-Header.h";
				SWIFT_OPTIMIZATION_LEVEL = "-Onone";
				SWIFT_VERSION = 5.0;
				TARGETED_DEVICE_FAMILY = "1,2";
			};
			name = Debug;
		};
		9AF575BA2668AD3200FA11C3 /* Release */ = {
			isa = XCBuildConfiguration;
			buildSettings = {
				ASSETCATALOG_COMPILER_APPICON_NAME = AppIcon;
				ASSETCATALOG_COMPILER_GLOBAL_ACCENT_COLOR_NAME = AccentColor;
				CLANG_ENABLE_MODULES = YES;
				CODE_SIGN_STYLE = Automatic;
				DEVELOPMENT_TEAM = Q552KV7YR5;
				INFOPLIST_FILE = "Shopping APP 生鮮雜貨/Info.plist";
				LD_RUNPATH_SEARCH_PATHS = (
					"$(inherited)",
					"@executable_path/Frameworks",
				);
				PRODUCT_BUNDLE_IDENTIFIER = "CuteBunny.Shopping-APP-----";
				PRODUCT_NAME = "$(TARGET_NAME)";
				SWIFT_OBJC_BRIDGING_HEADER = "Shopping APP 生鮮雜貨/Shopping APP 生鮮雜貨-Bridging-Header.h";
				SWIFT_VERSION = 5.0;
				TARGETED_DEVICE_FAMILY = "1,2";
			};
			name = Release;
		};
/* End XCBuildConfiguration section */

/* Begin XCConfigurationList section */
		9AF5759F2668AD3100FA11C3 /* Build configuration list for PBXProject "Shopping APP 生鮮雜貨" */ = {
			isa = XCConfigurationList;
			buildConfigurations = (
				9AF575B62668AD3200FA11C3 /* Debug */,
				9AF575B72668AD3200FA11C3 /* Release */,
			);
			defaultConfigurationIsVisible = 0;
			defaultConfigurationName = Release;
		};
		9AF575B82668AD3200FA11C3 /* Build configuration list for PBXNativeTarget "Shopping APP 生鮮雜貨" */ = {
			isa = XCConfigurationList;
			buildConfigurations = (
				9AF575B92668AD3200FA11C3 /* Debug */,
				9AF575BA2668AD3200FA11C3 /* Release */,
			);
			defaultConfigurationIsVisible = 0;
			defaultConfigurationName = Release;
		};
/* End XCConfigurationList section */
	};
	rootObject = 9AF5759C2668AD3100FA11C3 /* Project object */;
}
